
Microsoft Visual Studio Solution File, Format Version 12.00
# Visual Studio Version 16
VisualStudioVersion = 16.0.29920.165
MinimumVisualStudioVersion = 10.0.40219.1
Project("{FAE04EC0-301F-11D3-BF4B-00C04F79EFBC}") = "Hello", "Hello\Hello.csproj", "{A0C32A90-7607-4D28-A27F-63C133F5629A}"
EndProject
Global
	GlobalSection(SolutionConfigurationPlatforms) = preSolution
		Debug|Any CPU = Debug|Any CPU
		Release|Any CPU = Release|Any CPU
	EndGlobalSection
	GlobalSection(ProjectConfigurationPlatforms) = postSolution
		{A0C32A90-7607-4D28-A27F-63C133F5629A}.Debug|Any CPU.ActiveCfg = Debug|Any CPU
		{A0C32A90-7607-4D28-A27F-63C133F5629A}.Debug|Any CPU.Build.0 = Debug|Any CPU
		{A0C32A90-7607-4D28-A27F-63C133F5629A}.Release|Any CPU.ActiveCfg = Release|Any CPU
		{A0C32A90-7607-4D28-A27F-63C133F5629A}.Release|Any CPU.Build.0 = Release|Any CPU
	EndGlobalSection
	GlobalSection(SolutionProperties) = preSolution
		HideSolutionNode = FALSE
	EndGlobalSection
	GlobalSection(ExtensibilityGlobals) = postSolution
		SolutionGuid = {E8C00F6C-C17C-430A-855D-922995102748}
	EndGlobalSection
EndGlobal
